// !$*UTF8*$!
{
	archiveVersion = 1;
	classes = {
	};
	objectVersion = 46;
	objects = {

/* Begin PBXBuildFile section */
		A15FDE701E3B23A300BF6344 /* AppDelegate.swift in Sources */ = {isa = PBXBuildFile; fileRef = A15FDE6F1E3B23A300BF6344 /* AppDelegate.swift */; };
		A15FDE721E3B23A300BF6344 /* ViewController.swift in Sources */ = {isa = PBXBuildFile; fileRef = A15FDE711E3B23A300BF6344 /* ViewController.swift */; };
		A15FDE751E3B23A300BF6344 /* Main.storyboard in Resources */ = {isa = PBXBuildFile; fileRef = A15FDE731E3B23A300BF6344 /* Main.storyboard */; };
		A15FDE771E3B23A300BF6344 /* Assets.xcassets in Resources */ = {isa = PBXBuildFile; fileRef = A15FDE761E3B23A300BF6344 /* Assets.xcassets */; };
		A15FDE7A1E3B23A300BF6344 /* LaunchScreen.storyboard in Resources */ = {isa = PBXBuildFile; fileRef = A15FDE781E3B23A300BF6344 /* LaunchScreen.storyboard */; };
		A15FDE851E3B23A300BF6344 /* Studio1Tests.swift in Sources */ = {isa = PBXBuildFile; fileRef = A15FDE841E3B23A300BF6344 /* Studio1Tests.swift */; };
		A15FDE901E3B23A300BF6344 /* Studio1UITests.swift in Sources */ = {isa = PBXBuildFile; fileRef = A15FDE8F1E3B23A300BF6344 /* Studio1UITests.swift */; };
/* End PBXBuildFile section */

/* Begin PBXContainerItemProxy section */
		A15FDE811E3B23A300BF6344 /* PBXContainerItemProxy */ = {
			isa = PBXContainerItemProxy;
			containerPortal = A15FDE641E3B23A300BF6344 /* Project object */;
			proxyType = 1;
			remoteGlobalIDString = A15FDE6B1E3B23A300BF6344;
			remoteInfo = Studio1;
		};
		A15FDE8C1E3B23A300BF6344 /* PBXContainerItemProxy */ = {
			isa = PBXContainerItemProxy;
			containerPortal = A15FDE641E3B23A300BF6344 /* Project object */;
			proxyType = 1;
			remoteGlobalIDString = A15FDE6B1E3B23A300BF6344;
			remoteInfo = Studio1;
		};
/* End PBXContainerItemProxy section */

/* Begin PBXFileReference section */
		A15FDE6C1E3B23A300BF6344 /* Studio1.app */ = {isa = PBXFileReference; explicitFileType = wrapper.application; includeInIndex = 0; path = Studio1.app; sourceTree = BUILT_PRODUCTS_DIR; };
		A15FDE6F1E3B23A300BF6344 /* AppDelegate.swift */ = {isa = PBXFileReference; lastKnownFileType = sourcecode.swift; path = AppDelegate.swift; sourceTree = "<group>"; };
		A15FDE711E3B23A300BF6344 /* ViewController.swift */ = {isa = PBXFileReference; lastKnownFileType = sourcecode.swift; path = ViewController.swift; sourceTree = "<group>"; };
		A15FDE741E3B23A300BF6344 /* Base */ = {isa = PBXFileReference; lastKnownFileType = file.storyboard; name = Base; path = Base.lproj/Main.storyboard; sourceTree = "<group>"; };
		A15FDE761E3B23A300BF6344 /* Assets.xcassets */ = {isa = PBXFileReference; lastKnownFileType = folder.assetcatalog; path = Assets.xcassets; sourceTree = "<group>"; };
		A15FDE791E3B23A300BF6344 /* Base */ = {isa = PBXFileReference; lastKnownFileType = file.storyboard; name = Base; path = Base.lproj/LaunchScreen.storyboard; sourceTree = "<group>"; };
		A15FDE7B1E3B23A300BF6344 /* Info.plist */ = {isa = PBXFileReference; lastKnownFileType = text.plist.xml; path = Info.plist; sourceTree = "<group>"; };
		A15FDE801E3B23A300BF6344 /* Studio1Tests.xctest */ = {isa = PBXFileReference; explicitFileType = wrapper.cfbundle; includeInIndex = 0; path = Studio1Tests.xctest; sourceTree = BUILT_PRODUCTS_DIR; };
		A15FDE841E3B23A300BF6344 /* Studio1Tests.swift */ = {isa = PBXFileReference; lastKnownFileType = sourcecode.swift; path = Studio1Tests.swift; sourceTree = "<group>"; };
		A15FDE861E3B23A300BF6344 /* Info.plist */ = {isa = PBXFileReference; lastKnownFileType = text.plist.xml; path = Info.plist; sourceTree = "<group>"; };
		A15FDE8B1E3B23A300BF6344 /* Studio1UITests.xctest */ = {isa = PBXFileReference; explicitFileType = wrapper.cfbundle; includeInIndex = 0; path = Studio1UITests.xctest; sourceTree = BUILT_PRODUCTS_DIR; };
		A15FDE8F1E3B23A300BF6344 /* Studio1UITests.swift */ = {isa = PBXFileReference; lastKnownFileType = sourcecode.swift; path = Studio1UITests.swift; sourceTree = "<group>"; };
		A15FDE911E3B23A300BF6344 /* Info.plist */ = {isa = PBXFileReference; lastKnownFileType = text.plist.xml; path = Info.plist; sourceTree = "<group>"; };
/* End PBXFileReference section */

/* Begin PBXFrameworksBuildPhase section */
		A15FDE691E3B23A300BF6344 /* Frameworks */ = {
			isa = PBXFrameworksBuildPhase;
			buildActionMask = 2147483647;
			files = (
			);
			runOnlyForDeploymentPostprocessing = 0;
		};
		A15FDE7D1E3B23A300BF6344 /* Frameworks */ = {
			isa = PBXFrameworksBuildPhase;
			buildActionMask = 2147483647;
			files = (
			);
			runOnlyForDeploymentPostprocessing = 0;
		};
		A15FDE881E3B23A300BF6344 /* Frameworks */ = {
			isa = PBXFrameworksBuildPhase;
			buildActionMask = 2147483647;
			files = (
			);
			runOnlyForDeploymentPostprocessing = 0;
		};
/* End PBXFrameworksBuildPhase section */

/* Begin PBXGroup section */
		A15FDE631E3B23A300BF6344 = {
			isa = PBXGroup;
			children = (
				A15FDE6E1E3B23A300BF6344 /* Studio1 */,
				A15FDE831E3B23A300BF6344 /* Studio1Tests */,
				A15FDE8E1E3B23A300BF6344 /* Studio1UITests */,
				A15FDE6D1E3B23A300BF6344 /* Products */,
			);
			sourceTree = "<group>";
		};
		A15FDE6D1E3B23A300BF6344 /* Products */ = {
			isa = PBXGroup;
			children = (
				A15FDE6C1E3B23A300BF6344 /* Studio1.app */,
				A15FDE801E3B23A300BF6344 /* Studio1Tests.xctest */,
				A15FDE8B1E3B23A300BF6344 /* Studio1UITests.xctest */,
			);
			name = Products;
			sourceTree = "<group>";
		};
		A15FDE6E1E3B23A300BF6344 /* Studio1 */ = {
			isa = PBXGroup;
			children = (
				A15FDE6F1E3B23A300BF6344 /* AppDelegate.swift */,
				A15FDE711E3B23A300BF6344 /* ViewController.swift */,
				A15FDE731E3B23A300BF6344 /* Main.storyboard */,
				A15FDE761E3B23A300BF6344 /* Assets.xcassets */,
				A15FDE781E3B23A300BF6344 /* LaunchScreen.storyboard */,
				A15FDE7B1E3B23A300BF6344 /* Info.plist */,
			);
			path = Studio1;
			sourceTree = "<group>";
		};
		A15FDE831E3B23A300BF6344 /* Studio1Tests */ = {
			isa = PBXGroup;
			children = (
				A15FDE841E3B23A300BF6344 /* Studio1Tests.swift */,
				A15FDE861E3B23A300BF6344 /* Info.plist */,
			);
			path = Studio1Tests;
			sourceTree = "<group>";
		};
		A15FDE8E1E3B23A300BF6344 /* Studio1UITests */ = {
			isa = PBXGroup;
			children = (
				A15FDE8F1E3B23A300BF6344 /* Studio1UITests.swift */,
				A15FDE911E3B23A300BF6344 /* Info.plist */,
			);
			path = Studio1UITests;
			sourceTree = "<group>";
		};
/* End PBXGroup section */

/* Begin PBXNativeTarget section */
		A15FDE6B1E3B23A300BF6344 /* Studio1 */ = {
			isa = PBXNativeTarget;
			buildConfigurationList = A15FDE941E3B23A300BF6344 /* Build configuration list for PBXNativeTarget "Studio1" */;
			buildPhases = (
				A15FDE681E3B23A300BF6344 /* Sources */,
				A15FDE691E3B23A300BF6344 /* Frameworks */,
				A15FDE6A1E3B23A300BF6344 /* Resources */,
			);
			buildRules = (
			);
			dependencies = (
			);
			name = Studio1;
			productName = Studio1;
			productReference = A15FDE6C1E3B23A300BF6344 /* Studio1.app */;
			productType = "com.apple.product-type.application";
		};
		A15FDE7F1E3B23A300BF6344 /* Studio1Tests */ = {
			isa = PBXNativeTarget;
			buildConfigurationList = A15FDE971E3B23A300BF6344 /* Build configuration list for PBXNativeTarget "Studio1Tests" */;
			buildPhases = (
				A15FDE7C1E3B23A300BF6344 /* Sources */,
				A15FDE7D1E3B23A300BF6344 /* Frameworks */,
				A15FDE7E1E3B23A300BF6344 /* Resources */,
			);
			buildRules = (
			);
			dependencies = (
				A15FDE821E3B23A300BF6344 /* PBXTargetDependency */,
			);
			name = Studio1Tests;
			productName = Studio1Tests;
			productReference = A15FDE801E3B23A300BF6344 /* Studio1Tests.xctest */;
			productType = "com.apple.product-type.bundle.unit-test";
		};
		A15FDE8A1E3B23A300BF6344 /* Studio1UITests */ = {
			isa = PBXNativeTarget;
			buildConfigurationList = A15FDE9A1E3B23A300BF6344 /* Build configuration list for PBXNativeTarget "Studio1UITests" */;
			buildPhases = (
				A15FDE871E3B23A300BF6344 /* Sources */,
				A15FDE881E3B23A300BF6344 /* Frameworks */,
				A15FDE891E3B23A300BF6344 /* Resources */,
			);
			buildRules = (
			);
			dependencies = (
				A15FDE8D1E3B23A300BF6344 /* PBXTargetDependency */,
			);
			name = Studio1UITests;
			productName = Studio1UITests;
			productReference = A15FDE8B1E3B23A300BF6344 /* Studio1UITests.xctest */;
			productType = "com.apple.product-type.bundle.ui-testing";
		};
/* End PBXNativeTarget section */

/* Begin PBXProject section */
		A15FDE641E3B23A300BF6344 /* Project object */ = {
			isa = PBXProject;
			attributes = {
				LastSwiftUpdateCheck = 0820;
				LastUpgradeCheck = 0820;
				ORGANIZATIONNAME = "Nikki Wines";
				TargetAttributes = {
					A15FDE6B1E3B23A300BF6344 = {
						CreatedOnToolsVersion = 8.2.1;
						ProvisioningStyle = Automatic;
					};
					A15FDE7F1E3B23A300BF6344 = {
						CreatedOnToolsVersion = 8.2.1;
						ProvisioningStyle = Automatic;
						TestTargetID = A15FDE6B1E3B23A300BF6344;
					};
					A15FDE8A1E3B23A300BF6344 = {
						CreatedOnToolsVersion = 8.2.1;
						ProvisioningStyle = Automatic;
						TestTargetID = A15FDE6B1E3B23A300BF6344;
					};
				};
			};
			buildConfigurationList = A15FDE671E3B23A300BF6344 /* Build configuration list for PBXProject "Studio1" */;
			compatibilityVersion = "Xcode 3.2";
			developmentRegion = English;
			hasScannedForEncodings = 0;
			knownRegions = (
				en,
				Base,
			);
			mainGroup = A15FDE631E3B23A300BF6344;
			productRefGroup = A15FDE6D1E3B23A300BF6344 /* Products */;
			projectDirPath = "";
			projectRoot = "";
			targets = (
				A15FDE6B1E3B23A300BF6344 /* Studio1 */,
				A15FDE7F1E3B23A300BF6344 /* Studio1Tests */,
				A15FDE8A1E3B23A300BF6344 /* Studio1UITests */,
			);
		};
/* End PBXProject section */

/* Begin PBXResourcesBuildPhase section */
		A15FDE6A1E3B23A300BF6344 /* Resources */ = {
			isa = PBXResourcesBuildPhase;
			buildActionMask = 2147483647;
			files = (
				A15FDE7A1E3B23A300BF6344 /* LaunchScreen.storyboard in Resources */,
				A15FDE771E3B23A300BF6344 /* Assets.xcassets in Resources */,
				A15FDE751E3B23A300BF6344 /* Main.storyboard in Resources */,
			);
			runOnlyForDeploymentPostprocessing = 0;
		};
		A15FDE7E1E3B23A300BF6344 /* Resources */ = {
			isa = PBXResourcesBuildPhase;
			buildActionMask = 2147483647;
			files = (
			);
			runOnlyForDeploymentPostprocessing = 0;
		};
		A15FDE891E3B23A300BF6344 /* Resources */ = {
			isa = PBXResourcesBuildPhase;
			buildActionMask = 2147483647;
			files = (
			);
			runOnlyForDeploymentPostprocessing = 0;
		};
/* End PBXResourcesBuildPhase section */

/* Begin PBXSourcesBuildPhase section */
		A15FDE681E3B23A300BF6344 /* Sources */ = {
			isa = PBXSourcesBuildPhase;
			buildActionMask = 2147483647;
			files = (
				A15FDE721E3B23A300BF6344 /* ViewController.swift in Sources */,
				A15FDE701E3B23A300BF6344 /* AppDelegate.swift in Sources */,
			);
			runOnlyForDeploymentPostprocessing = 0;
		};
		A15FDE7C1E3B23A300BF6344 /* Sources */ = {
			isa = PBXSourcesBuildPhase;
			buildActionMask = 2147483647;
			files = (
				A15FDE851E3B23A300BF6344 /* Studio1Tests.swift in Sources */,
			);
			runOnlyForDeploymentPostprocessing = 0;
		};
		A15FDE871E3B23A300BF6344 /* Sources */ = {
			isa = PBXSourcesBuildPhase;
			buildActionMask = 2147483647;
			files = (
				A15FDE901E3B23A300BF6344 /* Studio1UITests.swift in Sources */,
			);
			runOnlyForDeploymentPostprocessing = 0;
		};
/* End PBXSourcesBuildPhase section */

/* Begin PBXTargetDependency section */
		A15FDE821E3B23A300BF6344 /* PBXTargetDependency */ = {
			isa = PBXTargetDependency;
			target = A15FDE6B1E3B23A300BF6344 /* Studio1 */;
			targetProxy = A15FDE811E3B23A300BF6344 /* PBXContainerItemProxy */;
		};
		A15FDE8D1E3B23A300BF6344 /* PBXTargetDependency */ = {
			isa = PBXTargetDependency;
			target = A15FDE6B1E3B23A300BF6344 /* Studio1 */;
			targetProxy = A15FDE8C1E3B23A300BF6344 /* PBXContainerItemProxy */;
		};
/* End PBXTargetDependency section */

/* Begin PBXVariantGroup section */
		A15FDE731E3B23A300BF6344 /* Main.storyboard */ = {
			isa = PBXVariantGroup;
			children = (
				A15FDE741E3B23A300BF6344 /* Base */,
			);
			name = Main.storyboard;
			sourceTree = "<group>";
		};
		A15FDE781E3B23A300BF6344 /* LaunchScreen.storyboard */ = {
			isa = PBXVariantGroup;
			children = (
				A15FDE791E3B23A300BF6344 /* Base */,
			);
			name = LaunchScreen.storyboard;
			sourceTree = "<group>";
		};
/* End PBXVariantGroup section */

/* Begin XCBuildConfiguration section */
		A15FDE921E3B23A300BF6344 /* Debug */ = {
			isa = XCBuildConfiguration;
			buildSettings = {
				ALWAYS_SEARCH_USER_PATHS = NO;
				CLANG_ANALYZER_NONNULL = YES;
				CLANG_CXX_LANGUAGE_STANDARD = "gnu++0x";
				CLANG_CXX_LIBRARY = "libc++";
				CLANG_ENABLE_MODULES = YES;
				CLANG_ENABLE_OBJC_ARC = YES;
				CLANG_WARN_BOOL_CONVERSION = YES;
				CLANG_WARN_CONSTANT_CONVERSION = YES;
				CLANG_WARN_DIRECT_OBJC_ISA_USAGE = YES_ERROR;
				CLANG_WARN_DOCUMENTATION_COMMENTS = YES;
				CLANG_WARN_EMPTY_BODY = YES;
				CLANG_WARN_ENUM_CONVERSION = YES;
				CLANG_WARN_INFINITE_RECURSION = YES;
				CLANG_WARN_INT_CONVERSION = YES;
				CLANG_WARN_OBJC_ROOT_CLASS = YES_ERROR;
				CLANG_WARN_SUSPICIOUS_MOVE = YES;
				CLANG_WARN_UNREACHABLE_CODE = YES;
				CLANG_WARN__DUPLICATE_METHOD_MATCH = YES;
				"CODE_SIGN_IDENTITY[sdk=iphoneos*]" = "iPhone Developer";
				COPY_PHASE_STRIP = NO;
				DEBUG_INFORMATION_FORMAT = dwarf;
				ENABLE_STRICT_OBJC_MSGSEND = YES;
				ENABLE_TESTABILITY = YES;
				GCC_C_LANGUAGE_STANDARD = gnu99;
				GCC_DYNAMIC_NO_PIC = NO;
				GCC_NO_COMMON_BLOCKS = YES;
				GCC_OPTIMIZATION_LEVEL = 0;
				GCC_PREPROCESSOR_DEFINITIONS = (
					"DEBUG=1",
					"$(inherited)",
				);
				GCC_WARN_64_TO_32_BIT_CONVERSION = YES;
				GCC_WARN_ABOUT_RETURN_TYPE = YES_ERROR;
				GCC_WARN_UNDECLARED_SELECTOR = YES;
				GCC_WARN_UNINITIALIZED_AUTOS = YES_AGGRESSIVE;
				GCC_WARN_UNUSED_FUNCTION = YES;
				GCC_WARN_UNUSED_VARIABLE = YES;
				IPHONEOS_DEPLOYMENT_TARGET = 10.2;
				MTL_ENABLE_DEBUG_INFO = YES;
				ONLY_ACTIVE_ARCH = YES;
				SDKROOT = iphoneos;
				SWIFT_ACTIVE_COMPILATION_CONDITIONS = DEBUG;
				SWIFT_OPTIMIZATION_LEVEL = "-Onone";
			};
			name = Debug;
		};
		A15FDE931E3B23A300BF6344 /* Release */ = {
			isa = XCBuildConfiguration;
			buildSettings = {
				ALWAYS_SEARCH_USER_PATHS = NO;
				CLANG_ANALYZER_NONNULL = YES;
				CLANG_CXX_LANGUAGE_STANDARD = "gnu++0x";
				CLANG_CXX_LIBRARY = "libc++";
				CLANG_ENABLE_MODULES = YES;
				CLANG_ENABLE_OBJC_ARC = YES;
				CLANG_WARN_BOOL_CONVERSION = YES;
				CLANG_WARN_CONSTANT_CONVERSION = YES;
				CLANG_WARN_DIRECT_OBJC_ISA_USAGE = YES_ERROR;
				CLANG_WARN_DOCUMENTATION_COMMENTS = YES;
				CLANG_WARN_EMPTY_BODY = YES;
				CLANG_WARN_ENUM_CONVERSION = YES;
				CLANG_WARN_INFINITE_RECURSION = YES;
				CLANG_WARN_INT_CONVERSION = YES;
				CLANG_WARN_OBJC_ROOT_CLASS = YES_ERROR;
				CLANG_WARN_SUSPICIOUS_MOVE = YES;
				CLANG_WARN_UNREACHABLE_CODE = YES;
				CLANG_WARN__DUPLICATE_METHOD_MATCH = YES;
				"CODE_SIGN_IDENTITY[sdk=iphoneos*]" = "iPhone Developer";
				COPY_PHASE_STRIP = NO;
				DEBUG_INFORMATION_FORMAT = "dwarf-with-dsym";
				ENABLE_NS_ASSERTIONS = NO;
				ENABLE_STRICT_OBJC_MSGSEND = YES;
				GCC_C_LANGUAGE_STANDARD = gnu99;
				GCC_NO_COMMON_BLOCKS = YES;
				GCC_WARN_64_TO_32_BIT_CONVERSION = YES;
				GCC_WARN_ABOUT_RETURN_TYPE = YES_ERROR;
				GCC_WARN_UNDECLARED_SELECTOR = YES;
				GCC_WARN_UNINITIALIZED_AUTOS = YES_AGGRESSIVE;
				GCC_WARN_UNUSED_FUNCTION = YES;
				GCC_WARN_UNUSED_VARIABLE = YES;
				IPHONEOS_DEPLOYMENT_TARGET = 10.2;
				MTL_ENABLE_DEBUG_INFO = NO;
				SDKROOT = iphoneos;
				SWIFT_OPTIMIZATION_LEVEL = "-Owholemodule";
				VALIDATE_PRODUCT = YES;
			};
			name = Release;
		};
		A15FDE951E3B23A300BF6344 /* Debug */ = {
			isa = XCBuildConfiguration;
			buildSettings = {
				ASSETCATALOG_COMPILER_APPICON_NAME = AppIcon;
				INFOPLIST_FILE = Studio1/Info.plist;
				LD_RUNPATH_SEARCH_PATHS = "$(inherited) @executable_path/Frameworks";
				PRODUCT_BUNDLE_IDENTIFIER = WashU438.Studio1;
				PRODUCT_NAME = "$(TARGET_NAME)";
				SWIFT_VERSION = 3.0;
			};
			name = Debug;
		};
		A15FDE961E3B23A300BF6344 /* Release */ = {
			isa = XCBuildConfiguration;
			buildSettings = {
				ASSETCATALOG_COMPILER_APPICON_NAME = AppIcon;
				INFOPLIST_FILE = Studio1/Info.plist;
				LD_RUNPATH_SEARCH_PATHS = "$(inherited) @executable_path/Frameworks";
				PRODUCT_BUNDLE_IDENTIFIER = WashU438.Studio1;
				PRODUCT_NAME = "$(TARGET_NAME)";
				SWIFT_VERSION = 3.0;
			};
			name = Release;
		};
		A15FDE981E3B23A300BF6344 /* Debug */ = {
			isa = XCBuildConfiguration;
			buildSettings = {
				ALWAYS_EMBED_SWIFT_STANDARD_LIBRARIES = YES;
				BUNDLE_LOADER = "$(TEST_HOST)";
				INFOPLIST_FILE = Studio1Tests/Info.plist;
				LD_RUNPATH_SEARCH_PATHS = "$(inherited) @executable_path/Frameworks @loader_path/Frameworks";
				PRODUCT_BUNDLE_IDENTIFIER = WashU438.Studio1Tests;
				PRODUCT_NAME = "$(TARGET_NAME)";
				SWIFT_VERSION = 3.0;
				TEST_HOST = "$(BUILT_PRODUCTS_DIR)/Studio1.app/Studio1";
			};
			name = Debug;
		};
		A15FDE991E3B23A300BF6344 /* Release */ = {
			isa = XCBuildConfiguration;
			buildSettings = {
				ALWAYS_EMBED_SWIFT_STANDARD_LIBRARIES = YES;
				BUNDLE_LOADER = "$(TEST_HOST)";
				INFOPLIST_FILE = Studio1Tests/Info.plist;
				LD_RUNPATH_SEARCH_PATHS = "$(inherited) @executable_path/Frameworks @loader_path/Frameworks";
				PRODUCT_BUNDLE_IDENTIFIER = WashU438.Studio1Tests;
				PRODUCT_NAME = "$(TARGET_NAME)";
				SWIFT_VERSION = 3.0;
				TEST_HOST = "$(BUILT_PRODUCTS_DIR)/Studio1.app/Studio1";
			};
			name = Release;
		};
		A15FDE9B1E3B23A300BF6344 /* Debug */ = {
			isa = XCBuildConfiguration;
			buildSettings = {
				ALWAYS_EMBED_SWIFT_STANDARD_LIBRARIES = YES;
				INFOPLIST_FILE = Studio1UITests/Info.plist;
				LD_RUNPATH_SEARCH_PATHS = "$(inherited) @executable_path/Frameworks @loader_path/Frameworks";
				PRODUCT_BUNDLE_IDENTIFIER = WashU438.Studio1UITests;
				PRODUCT_NAME = "$(TARGET_NAME)";
				SWIFT_VERSION = 3.0;
				TEST_TARGET_NAME = Studio1;
			};
			name = Debug;
		};
		A15FDE9C1E3B23A300BF6344 /* Release */ = {
			isa = XCBuildConfiguration;
			buildSettings = {
				ALWAYS_EMBED_SWIFT_STANDARD_LIBRARIES = YES;
				INFOPLIST_FILE = Studio1UITests/Info.plist;
				LD_RUNPATH_SEARCH_PATHS = "$(inherited) @executable_path/Frameworks @loader_path/Frameworks";
				PRODUCT_BUNDLE_IDENTIFIER = WashU438.Studio1UITests;
				PRODUCT_NAME = "$(TARGET_NAME)";
				SWIFT_VERSION = 3.0;
				TEST_TARGET_NAME = Studio1;
			};
			name = Release;
		};
/* End XCBuildConfiguration section */

/* Begin XCConfigurationList section */
		A15FDE671E3B23A300BF6344 /* Build configuration list for PBXProject "Studio1" */ = {
			isa = XCConfigurationList;
			buildConfigurations = (
				A15FDE921E3B23A300BF6344 /* Debug */,
				A15FDE931E3B23A300BF6344 /* Release */,
			);
			defaultConfigurationIsVisible = 0;
			defaultConfigurationName = Release;
		};
		A15FDE941E3B23A300BF6344 /* Build configuration list for PBXNativeTarget "Studio1" */ = {
			isa = XCConfigurationList;
			buildConfigurations = (
				A15FDE951E3B23A300BF6344 /* Debug */,
				A15FDE961E3B23A300BF6344 /* Release */,
			);
			defaultConfigurationIsVisible = 0;
		};
		A15FDE971E3B23A300BF6344 /* Build configuration list for PBXNativeTarget "Studio1Tests" */ = {
			isa = XCConfigurationList;
			buildConfigurations = (
				A15FDE981E3B23A300BF6344 /* Debug */,
				A15FDE991E3B23A300BF6344 /* Release */,
			);
			defaultConfigurationIsVisible = 0;
		};
		A15FDE9A1E3B23A300BF6344 /* Build configuration list for PBXNativeTarget "Studio1UITests" */ = {
			isa = XCConfigurationList;
			buildConfigurations = (
				A15FDE9B1E3B23A300BF6344 /* Debug */,
				A15FDE9C1E3B23A300BF6344 /* Release */,
			);
			defaultConfigurationIsVisible = 0;
		};
/* End XCConfigurationList section */
	};
	rootObject = A15FDE641E3B23A300BF6344 /* Project object */;
}
